
Microsoft Visual Studio Solution File, Format Version 12.00
# Visual Studio Version 16
VisualStudioVersion = 16.0.29230.47
MinimumVisualStudioVersion = 10.0.40219.1
Project("{FAE04EC0-301F-11D3-BF4B-00C04F79EFBC}") = "PROG2070STA02", "PROG2070STA02\PROG2070STA02.csproj", "{583FF957-537A-4FEA-9BBE-6A7C7B5A35E6}"
EndProject
Project("{FAE04EC0-301F-11D3-BF4B-00C04F79EFBC}") = "PROG2070STA02.Tests", "PROG2070STA02.Tests\PROG2070STA02.Tests.csproj", "{37ED9541-C7AA-481B-9CC1-3674F9591142}"
EndProject
Global
	GlobalSection(SolutionConfigurationPlatforms) = preSolution
		Debug|Any CPU = Debug|Any CPU
		Release|Any CPU = Release|Any CPU
	EndGlobalSection
	GlobalSection(ProjectConfigurationPlatforms) = postSolution
		{583FF957-537A-4FEA-9BBE-6A7C7B5A35E6}.Debug|Any CPU.ActiveCfg = Debug|Any CPU
		{583FF957-537A-4FEA-9BBE-6A7C7B5A35E6}.Debug|Any CPU.Build.0 = Debug|Any CPU
		{583FF957-537A-4FEA-9BBE-6A7C7B5A35E6}.Release|Any CPU.ActiveCfg = Release|Any CPU
		{583FF957-537A-4FEA-9BBE-6A7C7B5A35E6}.Release|Any CPU.Build.0 = Release|Any CPU
		{37ED9541-C7AA-481B-9CC1-3674F9591142}.Debug|Any CPU.ActiveCfg = Debug|Any CPU
		{37ED9541-C7AA-481B-9CC1-3674F9591142}.Debug|Any CPU.Build.0 = Debug|Any CPU
		{37ED9541-C7AA-481B-9CC1-3674F9591142}.Release|Any CPU.ActiveCfg = Release|Any CPU
		{37ED9541-C7AA-481B-9CC1-3674F9591142}.Release|Any CPU.Build.0 = Release|Any CPU
	EndGlobalSection
	GlobalSection(SolutionProperties) = preSolution
		HideSolutionNode = FALSE
	EndGlobalSection
	GlobalSection(ExtensibilityGlobals) = postSolution
		SolutionGuid = {C3B0C4AB-073E-46A1-ABBD-2DEC425E4138}
	EndGlobalSection
EndGlobal
